<?xml version="1.0" encoding="utf-8"?>
<Project ToolsVersion="4.0" xmlns="http://schemas.microsoft.com/developer/msbuild/2003">
  <ItemGroup>
    <Filter Include="Source Files">
      <UniqueIdentifier>{53828751-b37b-4824-8be3-2da8b90d5391}</UniqueIdentifier>
      <Extensions>cpp;c;cxx;rc;def;r;odl;hpj;bat;for;f90</Extensions>
    </Filter>
    <Filter Include="Header Files">
      <UniqueIdentifier>{ed342081-74db-40ed-a882-7f0751a4deac}</UniqueIdentifier>
      <Extensions>h;hpp;hxx;hm;inl;fi;fd</Extensions>
    </Filter>
    <Filter Include="Resource Files">
      <UniqueIdentifier>{7c9cf262-fa02-4d9e-b289-c8880337c11f}</UniqueIdentifier>
      <Extensions>ico;cur;bmp;dlg;rc2;rct;bin;cnt;rtf;gif;jpg;jpeg;jpe</Extensions>
    </Filter>
  </ItemGroup>
  <ItemGroup>
    <ClCompile Include="AboutDlg.cpp">
      <Filter>Source Files</Filter>
    </ClCompile>
    <ClCompile Include="ChildFrame.cpp">
      <Filter>Source Files</Filter>
    </ClCompile>
    <ClCompile Include="CyePath.cpp">
      <Filter>Source Files</Filter>
    </ClCompile>
    <ClCompile Include="MainFrame.cpp">
      <Filter>Source Files</Filter>
    </ClCompile>
    <ClCompile Include="ProtocolDiagnostics.cpp">
      <Filter>Source Files</Filter>
    </ClCompile>
    <ClCompile Include="RobotComm.cpp">
      <Filter>Source Files</Filter>
    </ClCompile>
    <ClCompile Include="..\RobotWorld\rothmath.cpp">
      <Filter>Source Files</Filter>
    </ClCompile>
    <ClCompile Include="RRRClist.cpp">
      <Filter>Source Files</Filter>
    </ClCompile>
    <ClCompile Include="RRRComEngine.cpp">
      <Filter>Source Files</Filter>
    </ClCompile>
    <ClCompile Include="RRRComm.cpp">
      <Filter>Source Files</Filter>
    </ClCompile>
    <ClCompile Include="RRRMsg.cpp">
      <Filter>Source Files</Filter>
    </ClCompile>
    <ClCompile Include="RRRSrv.cpp">
      <Filter>Source Files</Filter>
    </ClCompile>
    <ClCompile Include="RRRSrvCom.cpp">
      <Filter>Source Files</Filter>
    </ClCompile>
    <ClCompile Include="RRRSrvDoc.cpp">
      <Filter>Source Files</Filter>
    </ClCompile>
    <ClCompile Include="RRRSrvView.cpp">
      <Filter>Source Files</Filter>
    </ClCompile>
    <ClCompile Include="StdAfx.cpp">
      <Filter>Source Files</Filter>
    </ClCompile>
    <ClCompile Include="Trayicon.cpp">
      <Filter>Source Files</Filter>
    </ClCompile>
  </ItemGroup>
  <ItemGroup>
    <Midl Include="CyeSrv.odl">
      <Filter>Source Files</Filter>
    </Midl>
  </ItemGroup>
  <ItemGroup>
    <ClInclude Include="AboutDlg.h">
      <Filter>Header Files</Filter>
    </ClInclude>
    <ClInclude Include="ChildFrame.h">
      <Filter>Header Files</Filter>
    </ClInclude>
    <ClInclude Include="CyePath.h">
      <Filter>Header Files</Filter>
    </ClInclude>
    <ClInclude Include="MainFrame.h">
      <Filter>Header Files</Filter>
    </ClInclude>
    <ClInclude Include="ProtocolDiagnostics.h">
      <Filter>Header Files</Filter>
    </ClInclude>
    <ClInclude Include="resource.h">
      <Filter>Header Files</Filter>
    </ClInclude>
    <ClInclude Include="RobotComm.h">
      <Filter>Header Files</Filter>
    </ClInclude>
    <ClInclude Include="..\RobotWorld\rothmath.h">
      <Filter>Header Files</Filter>
    </ClInclude>
    <ClInclude Include="..\RobotWorld\rrdim.h">
      <Filter>Header Files</Filter>
    </ClInclude>
    <ClInclude Include="RRRClist.h">
      <Filter>Header Files</Filter>
    </ClInclude>
    <ClInclude Include="RRRComEngine.h">
      <Filter>Header Files</Filter>
    </ClInclude>
    <ClInclude Include="RRRComm.h">
      <Filter>Header Files</Filter>
    </ClInclude>
    <ClInclude Include="RRRConst.h">
      <Filter>Header Files</Filter>
    </ClInclude>
    <ClInclude Include="RRRMsg.h">
      <Filter>Header Files</Filter>
    </ClInclude>
    <ClInclude Include="RRRSrv.h">
      <Filter>Header Files</Filter>
    </ClInclude>
    <ClInclude Include="RRRSrvCom.h">
      <Filter>Header Files</Filter>
    </ClInclude>
    <ClInclude Include="RRRSrvDoc.h">
      <Filter>Header Files</Filter>
    </ClInclude>
    <ClInclude Include="RRRSrvView.h">
      <Filter>Header Files</Filter>
    </ClInclude>
    <ClInclude Include="StdAfx.h">
      <Filter>Header Files</Filter>
    </ClInclude>
    <ClInclude Include="Trayicon.h">
      <Filter>Header Files</Filter>
    </ClInclude>
  </ItemGroup>
  <ItemGroup>
    <Image Include="res\dead.ico">
      <Filter>Resource Files</Filter>
    </Image>
    <Image Include="res\receive.ico">
      <Filter>Resource Files</Filter>
    </Image>
    <Image Include="res\RRRSrv.ico">
      <Filter>Resource Files</Filter>
    </Image>
    <Image Include="res\RRRSrvDoc.ico">
      <Filter>Resource Files</Filter>
    </Image>
    <Image Include="res\send.ico">
      <Filter>Resource Files</Filter>
    </Image>
    <Image Include="res\sendrecv.ico">
      <Filter>Resource Files</Filter>
    </Image>
    <Image Include="res\Toolbar.bmp">
      <Filter>Resource Files</Filter>
    </Image>
    <Image Include="res\up+alive.ico">
      <Filter>Resource Files</Filter>
    </Image>
  </ItemGroup>
  <ItemGroup>
    <ResourceCompile Include="RRRSrv.rc">
      <Filter>Resource Files</Filter>
    </ResourceCompile>
  </ItemGroup>
  <ItemGroup>
    <None Include="res\RRRSrv.rc2">
      <Filter>Resource Files</Filter>
    </None>
  </ItemGroup>
</Project>