<?xml version="1.0" encoding="utf-8"?>
<Project ToolsVersion="4.0" xmlns="http://schemas.microsoft.com/developer/msbuild/2003">
  <ItemGroup>
    <Filter Include="Source Files">
      <UniqueIdentifier>{65675b5f-54bb-474d-a479-a924fb74934e}</UniqueIdentifier>
      <Extensions>cpp;c;cxx;rc;def;r;odl;hpj;bat;for;f90</Extensions>
    </Filter>
    <Filter Include="Header Files">
      <UniqueIdentifier>{2b03090a-dbc9-44c4-9a1d-1eac1bbd5097}</UniqueIdentifier>
      <Extensions>h;hpp;hxx;hm;inl;fi;fd</Extensions>
    </Filter>
    <Filter Include="Resource Files">
      <UniqueIdentifier>{8660d50b-c6a2-4c42-9d18-98307723cd48}</UniqueIdentifier>
      <Extensions>ico;cur;bmp;dlg;rc2;rct;bin;cnt;rtf;gif;jpg;jpeg;jpe</Extensions>
    </Filter>
  </ItemGroup>
  <ItemGroup>
    <None Include="CyeCom.def">
      <Filter>Source Files</Filter>
    </None>
  </ItemGroup>
  <ItemGroup>
    <Midl Include="CyeCom.odl">
      <Filter>Source Files</Filter>
    </Midl>
  </ItemGroup>
  <ItemGroup>
    <ClCompile Include="cyesrv.cpp">
      <Filter>Source Files</Filter>
    </ClCompile>
    <ClCompile Include="RRRCom.cpp">
      <Filter>Source Files</Filter>
    </ClCompile>
    <ClCompile Include="RRRComCtl.cpp">
      <Filter>Source Files</Filter>
    </ClCompile>
    <ClCompile Include="RRRComPpg.cpp">
      <Filter>Source Files</Filter>
    </ClCompile>
    <ClCompile Include="RRREventQueue.cpp">
      <Filter>Source Files</Filter>
    </ClCompile>
    <ClCompile Include="RRRPath.cpp">
      <Filter>Source Files</Filter>
    </ClCompile>
    <ClCompile Include="StdAfx.cpp">
      <Filter>Source Files</Filter>
    </ClCompile>
  </ItemGroup>
  <ItemGroup>
    <ClInclude Include="cyesrv.h">
      <Filter>Header Files</Filter>
    </ClInclude>
    <ClInclude Include="RRRCom.h">
      <Filter>Header Files</Filter>
    </ClInclude>
    <ClInclude Include="RRRComCtl.h">
      <Filter>Header Files</Filter>
    </ClInclude>
    <ClInclude Include="RRRComPpg.h">
      <Filter>Header Files</Filter>
    </ClInclude>
    <ClInclude Include="..\RRRSrv\RRRConst.h">
      <Filter>Header Files</Filter>
    </ClInclude>
    <ClInclude Include="RRRDispID.h">
      <Filter>Header Files</Filter>
    </ClInclude>
    <ClInclude Include="RRREventQueue.h">
      <Filter>Header Files</Filter>
    </ClInclude>
    <ClInclude Include="RRRPath.h">
      <Filter>Header Files</Filter>
    </ClInclude>
    <ClInclude Include="StdAfx.h">
      <Filter>Header Files</Filter>
    </ClInclude>
  </ItemGroup>
  <ItemGroup>
    <Image Include="BigRRRCom.bmp">
      <Filter>Resource Files</Filter>
    </Image>
    <Image Include="RRRCom.ico">
      <Filter>Resource Files</Filter>
    </Image>
    <Image Include="RRRComCtl.bmp">
      <Filter>Resource Files</Filter>
    </Image>
  </ItemGroup>
  <ItemGroup>
    <ResourceCompile Include="RRRCom.rc">
      <Filter>Resource Files</Filter>
    </ResourceCompile>
  </ItemGroup>
</Project>